Microsoft Visual Studio Solution File, Format Version 12.00
# Visual Studio Version 17
VisualStudioVersion = 17.5.2.0
MinimumVisualStudioVersion = 10.0.40219.1
Project("{FAE04EC0-301F-11D3-BF4B-00C04F79EFBC}") = "AIDesign", "AIDesign.csproj", "{785FE157-725B-5A18-7151-A4A3A17B1EB9}"
EndProject
Global
	GlobalSection(SolutionConfigurationPlatforms) = preSolution
		Debug|Any CPU = Debug|Any CPU
		Release|Any CPU = Release|Any CPU
	EndGlobalSection
	GlobalSection(ProjectConfigurationPlatforms) = postSolution
		{785FE157-725B-5A18-7151-A4A3A17B1EB9}.Debug|Any CPU.ActiveCfg = Debug|Any CPU
		{785FE157-725B-5A18-7151-A4A3A17B1EB9}.Debug|Any CPU.Build.0 = Debug|Any CPU
		{785FE157-725B-5A18-7151-A4A3A17B1EB9}.Release|Any CPU.ActiveCfg = Release|Any CPU
		{785FE157-725B-5A18-7151-A4A3A17B1EB9}.Release|Any CPU.Build.0 = Release|Any CPU
	EndGlobalSection
	GlobalSection(SolutionProperties) = preSolution
		HideSolutionNode = FALSE
	EndGlobalSection
	GlobalSection(ExtensibilityGlobals) = postSolution
		SolutionGuid = {E27ECD2A-E250-42B9-95E6-353B2A4D8372}
	EndGlobalSection
EndGlobal
